{
    "version": 3,
    "terraform_version": "0.11.3",
    "serial": 4,
    "lineage": "3dda4f23-7eb3-4a8a-b008-7bd77559cd21",
    "modules": [
        {
            "path": [
                "root"
            ],
            "outputs": {},
            "resources": {
                "aws_instance.hello-instance": {
                    "type": "aws_instance",
                    "depends_on": [],
                    "primary": {
                        "id": "i-043cb1e3a324750c6",
                        "attributes": {
                            "ami": "ami-ceafcba8",
                            "associate_public_ip_address": "true",
                            "availability_zone": "ap-northeast-1a",
                            "disable_api_termination": "false",
                            "ebs_block_device.#": "0",
                            "ebs_optimized": "false",
                            "ephemeral_block_device.#": "0",
                            "iam_instance_profile": "",
                            "id": "i-043cb1e3a324750c6",
                            "instance_state": "running",
                            "instance_type": "t2.micro",
                            "ipv6_addresses.#": "0",
                            "key_name": "",
                            "monitoring": "false",
                            "network_interface.#": "0",
                            "network_interface_id": "eni-194c4626",
                            "placement_group": "",
                            "primary_network_interface_id": "eni-194c4626",
                            "private_dns": "ip-172-31-41-117.ap-northeast-1.compute.internal",
                            "private_ip": "172.31.41.117",
                            "public_dns": "ec2-13-231-184-33.ap-northeast-1.compute.amazonaws.com",
                            "public_ip": "13.231.184.33",
                            "root_block_device.#": "1",
                            "root_block_device.0.delete_on_termination": "true",
                            "root_block_device.0.iops": "100",
                            "root_block_device.0.volume_id": "vol-0ed842248de75ad4c",
                            "root_block_device.0.volume_size": "8",
                            "root_block_device.0.volume_type": "gp2",
                            "security_groups.#": "1",
                            "security_groups.3814588639": "default",
                            "source_dest_check": "true",
                            "subnet_id": "subnet-78623f31",
                            "tags.%": "1",
                            "tags.Name": "hello-update-instance",
                            "tenancy": "default",
                            "volume_tags.%": "0",
                            "vpc_security_group_ids.#": "1",
                            "vpc_security_group_ids.493856888": "sg-c43011bd"
                        },
                        "meta": {
                            "e2bfb730-ecaa-11e6-8f88-34363bc7c4c0": {
                                "create": 600000000000,
                                "delete": 1200000000000,
                                "update": 600000000000
                            },
                            "schema_version": "1"
                        },
                        "tainted": false
                    },
                    "deposed": [],
                    "provider": "provider.aws"
                }
            },
            "depends_on": []
        }
    ]
}
